
Microsoft Visual Studio Solution File, Format Version 12.00
# Visual Studio Version 17
VisualStudioVersion = 17.7.34031.279
MinimumVisualStudioVersion = 10.0.40219.1
Project("{F184B08F-C81C-45F6-A57F-5ABD9991F28F}") = "12 Loop", "12 Loop\12 Loop.vbproj", "{4F66A046-3BCA-400E-BC45-C8E1DFC1E93C}"
EndProject
Global
	GlobalSection(SolutionConfigurationPlatforms) = preSolution
		Debug|Any CPU = Debug|Any CPU
		Release|Any CPU = Release|Any CPU
	EndGlobalSection
	GlobalSection(ProjectConfigurationPlatforms) = postSolution
		{4F66A046-3BCA-400E-BC45-C8E1DFC1E93C}.Debug|Any CPU.ActiveCfg = Debug|Any CPU
		{4F66A046-3BCA-400E-BC45-C8E1DFC1E93C}.Debug|Any CPU.Build.0 = Debug|Any CPU
		{4F66A046-3BCA-400E-BC45-C8E1DFC1E93C}.Release|Any CPU.ActiveCfg = Release|Any CPU
		{4F66A046-3BCA-400E-BC45-C8E1DFC1E93C}.Release|Any CPU.Build.0 = Release|Any CPU
	EndGlobalSection
	GlobalSection(SolutionProperties) = preSolution
		HideSolutionNode = FALSE
	EndGlobalSection
	GlobalSection(ExtensibilityGlobals) = postSolution
		SolutionGuid = {C011BCC5-F1F2-44EE-ABB2-22E995F154C2}
	EndGlobalSection
EndGlobal
